
Microsoft Visual Studio Solution File, Format Version 12.00
# Visual Studio 15
Project("{FAE04EC0-301F-11D3-BF4B-00C04F79EFBC}") = "PerformanceTrakEmail", "PerformanceTrakEmail\PerformanceTrakEmail.csproj", "{767756CA-063B-4107-A480-05F5B25F4A44}"
EndProject
Project("{FAE04EC0-301F-11D3-BF4B-00C04F79EFBC}") = "PerformanceTrakEmail.Test", "PerformanceTrakEmail.Test\PerformanceTrakEmail.Test.csproj", "{AE286ABF-2F6C-4662-94AD-A73D2248C830}"
EndProject
Project("{FAE04EC0-301F-11D3-BF4B-00C04F79EFBC}") = "AddUser", "AddUser\AddUser.csproj", "{EF105E7A-1EDC-4EEF-916C-64A7902BE80D}"
EndProject
Project("{FAE04EC0-301F-11D3-BF4B-00C04F79EFBC}") = "AddUser.Test", "AddUser.Test\AddUser.Test.csproj", "{7506B97B-3231-480C-84F6-E95502D23D48}"
EndProject
Global
	GlobalSection(SolutionConfigurationPlatforms) = preSolution
		Default|Any CPU = Default|Any CPU
		Debug|Any CPU = Debug|Any CPU
		Release|Any CPU = Release|Any CPU
	EndGlobalSection
	GlobalSection(ProjectConfigurationPlatforms) = postSolution
		{B523945C-7456-4C92-9054-17E0DD8E1808}.Default|Any CPU.ActiveCfg = Default|Any CPU
		{B523945C-7456-4C92-9054-17E0DD8E1808}.Default|Any CPU.Build.0 = Default|Any CPU
		{B523945C-7456-4C92-9054-17E0DD8E1808}.Debug|Any CPU.ActiveCfg = Default|Any CPU
		{B523945C-7456-4C92-9054-17E0DD8E1808}.Debug|Any CPU.Build.0 = Default|Any CPU
		{B523945C-7456-4C92-9054-17E0DD8E1808}.Release|Any CPU.ActiveCfg = Default|Any CPU
		{B523945C-7456-4C92-9054-17E0DD8E1808}.Release|Any CPU.Build.0 = Default|Any CPU
		{767756CA-063B-4107-A480-05F5B25F4A44}.Default|Any CPU.ActiveCfg = Debug|Any CPU
		{767756CA-063B-4107-A480-05F5B25F4A44}.Default|Any CPU.Build.0 = Debug|Any CPU
		{767756CA-063B-4107-A480-05F5B25F4A44}.Debug|Any CPU.ActiveCfg = Debug|Any CPU
		{767756CA-063B-4107-A480-05F5B25F4A44}.Debug|Any CPU.Build.0 = Debug|Any CPU
		{767756CA-063B-4107-A480-05F5B25F4A44}.Release|Any CPU.ActiveCfg = Release|Any CPU
		{767756CA-063B-4107-A480-05F5B25F4A44}.Release|Any CPU.Build.0 = Release|Any CPU
		{AE286ABF-2F6C-4662-94AD-A73D2248C830}.Default|Any CPU.ActiveCfg = Debug|Any CPU
		{AE286ABF-2F6C-4662-94AD-A73D2248C830}.Default|Any CPU.Build.0 = Debug|Any CPU
		{AE286ABF-2F6C-4662-94AD-A73D2248C830}.Debug|Any CPU.ActiveCfg = Debug|Any CPU
		{AE286ABF-2F6C-4662-94AD-A73D2248C830}.Debug|Any CPU.Build.0 = Debug|Any CPU
		{AE286ABF-2F6C-4662-94AD-A73D2248C830}.Release|Any CPU.ActiveCfg = Release|Any CPU
		{AE286ABF-2F6C-4662-94AD-A73D2248C830}.Release|Any CPU.Build.0 = Release|Any CPU
		{EF105E7A-1EDC-4EEF-916C-64A7902BE80D}.Default|Any CPU.ActiveCfg = Debug|Any CPU
		{EF105E7A-1EDC-4EEF-916C-64A7902BE80D}.Default|Any CPU.Build.0 = Debug|Any CPU
		{EF105E7A-1EDC-4EEF-916C-64A7902BE80D}.Debug|Any CPU.ActiveCfg = Debug|Any CPU
		{EF105E7A-1EDC-4EEF-916C-64A7902BE80D}.Debug|Any CPU.Build.0 = Debug|Any CPU
		{EF105E7A-1EDC-4EEF-916C-64A7902BE80D}.Release|Any CPU.ActiveCfg = Release|Any CPU
		{EF105E7A-1EDC-4EEF-916C-64A7902BE80D}.Release|Any CPU.Build.0 = Release|Any CPU
		{7506B97B-3231-480C-84F6-E95502D23D48}.Default|Any CPU.ActiveCfg = Debug|Any CPU
		{7506B97B-3231-480C-84F6-E95502D23D48}.Default|Any CPU.Build.0 = Debug|Any CPU
		{7506B97B-3231-480C-84F6-E95502D23D48}.Debug|Any CPU.ActiveCfg = Debug|Any CPU
		{7506B97B-3231-480C-84F6-E95502D23D48}.Debug|Any CPU.Build.0 = Debug|Any CPU
		{7506B97B-3231-480C-84F6-E95502D23D48}.Release|Any CPU.ActiveCfg = Release|Any CPU
		{7506B97B-3231-480C-84F6-E95502D23D48}.Release|Any CPU.Build.0 = Release|Any CPU
	EndGlobalSection
EndGlobal
