
Microsoft Visual Studio Solution File, Format Version 12.00
# Visual Studio 15
Project("{FAE04EC0-301F-11D3-BF4B-00C04F79EFBC}") = "PerformanceTrakFunctions", "PerformanceTrakFunctions\PerformanceTrakFunctions.csproj", "{36CED6DB-F067-43C7-9306-EAA5B4C4DCB2}"
EndProject
Project("{FAE04EC0-301F-11D3-BF4B-00C04F79EFBC}") = "PerformanceTrakFunctions.Tests", "PerformanceTrakFunctions.Tests\PerformanceTrakFunctions.Tests.csproj", "{39E617DD-E44A-435C-B834-79E5D76C5484}"
EndProject
Global
	GlobalSection(SolutionConfigurationPlatforms) = preSolution
		Default|Any CPU = Default|Any CPU
		Debug|Any CPU = Debug|Any CPU
		Release|Any CPU = Release|Any CPU
	EndGlobalSection
	GlobalSection(ProjectConfigurationPlatforms) = postSolution
		{B523945C-7456-4C92-9054-17E0DD8E1808}.Default|Any CPU.ActiveCfg = Default|Any CPU
		{B523945C-7456-4C92-9054-17E0DD8E1808}.Default|Any CPU.Build.0 = Default|Any CPU
		{B523945C-7456-4C92-9054-17E0DD8E1808}.Debug|Any CPU.ActiveCfg = Default|Any CPU
		{B523945C-7456-4C92-9054-17E0DD8E1808}.Debug|Any CPU.Build.0 = Default|Any CPU
		{B523945C-7456-4C92-9054-17E0DD8E1808}.Release|Any CPU.ActiveCfg = Default|Any CPU
		{B523945C-7456-4C92-9054-17E0DD8E1808}.Release|Any CPU.Build.0 = Default|Any CPU
		{36CED6DB-F067-43C7-9306-EAA5B4C4DCB2}.Default|Any CPU.ActiveCfg = Debug|Any CPU
		{36CED6DB-F067-43C7-9306-EAA5B4C4DCB2}.Default|Any CPU.Build.0 = Debug|Any CPU
		{36CED6DB-F067-43C7-9306-EAA5B4C4DCB2}.Debug|Any CPU.ActiveCfg = Debug|Any CPU
		{36CED6DB-F067-43C7-9306-EAA5B4C4DCB2}.Debug|Any CPU.Build.0 = Debug|Any CPU
		{36CED6DB-F067-43C7-9306-EAA5B4C4DCB2}.Release|Any CPU.ActiveCfg = Release|Any CPU
		{36CED6DB-F067-43C7-9306-EAA5B4C4DCB2}.Release|Any CPU.Build.0 = Release|Any CPU
		{39E617DD-E44A-435C-B834-79E5D76C5484}.Default|Any CPU.ActiveCfg = Debug|Any CPU
		{39E617DD-E44A-435C-B834-79E5D76C5484}.Default|Any CPU.Build.0 = Debug|Any CPU
		{39E617DD-E44A-435C-B834-79E5D76C5484}.Debug|Any CPU.ActiveCfg = Debug|Any CPU
		{39E617DD-E44A-435C-B834-79E5D76C5484}.Debug|Any CPU.Build.0 = Debug|Any CPU
		{39E617DD-E44A-435C-B834-79E5D76C5484}.Release|Any CPU.ActiveCfg = Release|Any CPU
		{39E617DD-E44A-435C-B834-79E5D76C5484}.Release|Any CPU.Build.0 = Release|Any CPU
	EndGlobalSection
EndGlobal
